github.com/go-sql-driver/mysql v1.5.0/go.mod h1:DCzpHaOWr8IXmIStZouvnhqoel9Qv2LBy8hT2VhHyBg=
github.com/go-sql-driver/mysql v1.6.0 h1:BCTh4TKNUYmOmMUcQ3IipzF5prigylS7XXjEkfCHuOE=
github.com/go-sql-driver/mysql v1.6.0/go.mod h1:DCzpHaOWr8IXmIStZouvnhqoel9Qv2LBy8hT2VhHyBg=
github.com/jinzhu/inflection v1.0.0 h1:K317FqzuhWc8YvSVlFMCCUb36O/S9MCKRDI7QkRKD/E=
github.com/jinzhu/inflection v1.0.0/go.mod h1:h+uFLlag+Qp1Va5pdKtLDYj+kHp5pxUVkryuEj+Srlc=
github.com/jinzhu/now v1.1.1 h1:g39TucaRWyV3dwDO++eEc6qf8TVIQ/Da48WmqjZ3i7E=
github.com/jinzhu/now v1.1.1/go.mod h1:d3SSVoowX0Lcu0IBviAWJpolVfI5UJVZZ7cO71lE/z8=
github.com/pkg/errors v0.9.1 h1:FEBLx1zS214owpjy7qsBeixbURkuhQAwrK5UwLGTwt4=
github.com/pkg/errors v0.9.1/go.mod h1:bwawxfHBFNV+L2hUp1rHADufV3IMtnDRdf1r5NINEl0=
golang.org/x/sync v0.0.0-20210220032951-036812b2e83c h1:5KslGYwFpkhGh+Q16bwMP3cOontH8FOep7tGV86Y7SQ=
golang.org/x/sync v0.0.0-20210220032951-036812b2e83c/go.mod h1:RxMgew5VJxzue5/jJTE5uejpjVlOe/izrB70Jof72aM=
gorm.io/driver/mysql v1.0.5 h1:WAAmvLK2rG0tCOqrf5XcLi2QUwugd4rcVJ/W3aoon9o=
gorm.io/driver/mysql v1.0.5/go.mod h1:N1OIhHAIhx5SunkMGqWbGFVeh4yTNWKmMo1GOAsohLI=
gorm.io/gorm v1.21.3 h1:qDFi55ZOsjZTwk5eN+uhAmHi8GysJ/qCTichM/yO7ME=
gorm.io/gorm v1.21.3/go.mod h1:0HFTzE/SqkGTzK6TlDPPQbAYCluiVvhzoA1+aVyzenw=
